// !$*UTF8*$!
{
	archiveVersion = 1;
	classes = {
	};
	objectVersion = 48;
	objects = {

/* Begin PBXBuildFile section */
		5338DD68203F234B0084389B /* main.cpp in Sources */ = {isa = PBXBuildFile; fileRef = 5338DD67203F234B0084389B /* main.cpp */; };
		5338DD77203F23E60084389B /* MuscleMotor.cpp in Sources */ = {isa = PBXBuildFile; fileRef = 5338DD75203F23E60084389B /* MuscleMotor.cpp */; };
		53549B8A203F2EC70031F2C7 /* wpt.cpp in Sources */ = {isa = PBXBuildFile; fileRef = 53549B88203F2EC70031F2C7 /* wpt.cpp */; };
/* End PBXBuildFile section */

/* Begin PBXCopyFilesBuildPhase section */
		5338DD62203F234B0084389B /* CopyFiles */ = {
			isa = PBXCopyFilesBuildPhase;
			buildActionMask = 2147483647;
			dstPath = /usr/share/man/man1/;
			dstSubfolderSpec = 0;
			files = (
			);
			runOnlyForDeploymentPostprocessing = 1;
		};
/* End PBXCopyFilesBuildPhase section */

/* Begin PBXFileReference section */
		5338DD64203F234B0084389B /* MAPMotors */ = {isa = PBXFileReference; explicitFileType = "compiled.mach-o.executable"; includeInIndex = 0; path = MAPMotors; sourceTree = BUILT_PRODUCTS_DIR; };
		5338DD67203F234B0084389B /* main.cpp */ = {isa = PBXFileReference; lastKnownFileType = sourcecode.cpp.cpp; path = main.cpp; sourceTree = "<group>"; };
		5338DD75203F23E60084389B /* MuscleMotor.cpp */ = {isa = PBXFileReference; lastKnownFileType = sourcecode.cpp.cpp; path = MuscleMotor.cpp; sourceTree = "<group>"; };
		5338DD76203F23E60084389B /* MuscleMotor.hpp */ = {isa = PBXFileReference; lastKnownFileType = sourcecode.cpp.h; path = MuscleMotor.hpp; sourceTree = "<group>"; };
		53549B88203F2EC70031F2C7 /* wpt.cpp */ = {isa = PBXFileReference; lastKnownFileType = sourcecode.cpp.cpp; path = wpt.cpp; sourceTree = "<group>"; };
		53549B89203F2EC70031F2C7 /* wpt.hpp */ = {isa = PBXFileReference; lastKnownFileType = sourcecode.cpp.h; path = wpt.hpp; sourceTree = "<group>"; };
/* End PBXFileReference section */

/* Begin PBXFrameworksBuildPhase section */
		5338DD61203F234B0084389B /* Frameworks */ = {
			isa = PBXFrameworksBuildPhase;
			buildActionMask = 2147483647;
			files = (
			);
			runOnlyForDeploymentPostprocessing = 0;
		};
/* End PBXFrameworksBuildPhase section */

/* Begin PBXGroup section */
		5338DD5B203F234B0084389B = {
			isa = PBXGroup;
			children = (
				5338DD66203F234B0084389B /* MAPMotors */,
				5338DD65203F234B0084389B /* Products */,
			);
			sourceTree = "<group>";
		};
		5338DD65203F234B0084389B /* Products */ = {
			isa = PBXGroup;
			children = (
				5338DD64203F234B0084389B /* MAPMotors */,
			);
			name = Products;
			sourceTree = "<group>";
		};
		5338DD66203F234B0084389B /* MAPMotors */ = {
			isa = PBXGroup;
			children = (
				5338DD73203F23B10084389B /* src */,
				5338DD67203F234B0084389B /* main.cpp */,
			);
			path = MAPMotors;
			sourceTree = "<group>";
		};
		5338DD73203F23B10084389B /* src */ = {
			isa = PBXGroup;
			children = (
				53549B87203F2EB50031F2C7 /* wpt */,
				5338DD74203F23D80084389B /* MuscleMotor */,
			);
			path = src;
			sourceTree = "<group>";
		};
		5338DD74203F23D80084389B /* MuscleMotor */ = {
			isa = PBXGroup;
			children = (
				5338DD75203F23E60084389B /* MuscleMotor.cpp */,
				5338DD76203F23E60084389B /* MuscleMotor.hpp */,
			);
			path = MuscleMotor;
			sourceTree = "<group>";
		};
		53549B87203F2EB50031F2C7 /* wpt */ = {
			isa = PBXGroup;
			children = (
				53549B88203F2EC70031F2C7 /* wpt.cpp */,
				53549B89203F2EC70031F2C7 /* wpt.hpp */,
			);
			path = wpt;
			sourceTree = "<group>";
		};
/* End PBXGroup section */

/* Begin PBXNativeTarget section */
		5338DD63203F234B0084389B /* MAPMotors */ = {
			isa = PBXNativeTarget;
			buildConfigurationList = 5338DD6B203F234B0084389B /* Build configuration list for PBXNativeTarget "MAPMotors" */;
			buildPhases = (
				5338DD60203F234B0084389B /* Sources */,
				5338DD61203F234B0084389B /* Frameworks */,
				5338DD62203F234B0084389B /* CopyFiles */,
			);
			buildRules = (
			);
			dependencies = (
			);
			name = MAPMotors;
			productName = MAPMotors;
			productReference = 5338DD64203F234B0084389B /* MAPMotors */;
			productType = "com.apple.product-type.tool";
		};
/* End PBXNativeTarget section */

/* Begin PBXProject section */
		5338DD5C203F234B0084389B /* Project object */ = {
			isa = PBXProject;
			attributes = {
				LastUpgradeCheck = 0920;
				ORGANIZATIONNAME = MAP;
				TargetAttributes = {
					5338DD63203F234B0084389B = {
						CreatedOnToolsVersion = 9.2;
						ProvisioningStyle = Automatic;
					};
				};
			};
			buildConfigurationList = 5338DD5F203F234B0084389B /* Build configuration list for PBXProject "MAPMotors" */;
			compatibilityVersion = "Xcode 8.0";
			developmentRegion = en;
			hasScannedForEncodings = 0;
			knownRegions = (
				en,
			);
			mainGroup = 5338DD5B203F234B0084389B;
			productRefGroup = 5338DD65203F234B0084389B /* Products */;
			projectDirPath = "";
			projectRoot = "";
			targets = (
				5338DD63203F234B0084389B /* MAPMotors */,
			);
		};
/* End PBXProject section */

/* Begin PBXSourcesBuildPhase section */
		5338DD60203F234B0084389B /* Sources */ = {
			isa = PBXSourcesBuildPhase;
			buildActionMask = 2147483647;
			files = (
				53549B8A203F2EC70031F2C7 /* wpt.cpp in Sources */,
				5338DD77203F23E60084389B /* MuscleMotor.cpp in Sources */,
				5338DD68203F234B0084389B /* main.cpp in Sources */,
			);
			runOnlyForDeploymentPostprocessing = 0;
		};
/* End PBXSourcesBuildPhase section */

/* Begin XCBuildConfiguration section */
		5338DD69203F234B0084389B /* Debug */ = {
			isa = XCBuildConfiguration;
			buildSettings = {
				ALWAYS_SEARCH_USER_PATHS = NO;
				CLANG_ANALYZER_NONNULL = YES;
				CLANG_ANALYZER_NUMBER_OBJECT_CONVERSION = YES_AGGRESSIVE;
				CLANG_CXX_LANGUAGE_STANDARD = "gnu++14";
				CLANG_CXX_LIBRARY = "libc++";
				CLANG_ENABLE_MODULES = YES;
				CLANG_ENABLE_OBJC_ARC = YES;
				CLANG_WARN_BLOCK_CAPTURE_AUTORELEASING = YES;
				CLANG_WARN_BOOL_CONVERSION = YES;
				CLANG_WARN_COMMA = YES;
				CLANG_WARN_CONSTANT_CONVERSION = YES;
				CLANG_WARN_DIRECT_OBJC_ISA_USAGE = YES_ERROR;
				CLANG_WARN_DOCUMENTATION_COMMENTS = YES;
				CLANG_WARN_EMPTY_BODY = YES;
				CLANG_WARN_ENUM_CONVERSION = YES;
				CLANG_WARN_INFINITE_RECURSION = YES;
				CLANG_WARN_INT_CONVERSION = YES;
				CLANG_WARN_NON_LITERAL_NULL_CONVERSION = YES;
				CLANG_WARN_OBJC_LITERAL_CONVERSION = YES;
				CLANG_WARN_OBJC_ROOT_CLASS = YES_ERROR;
				CLANG_WARN_RANGE_LOOP_ANALYSIS = YES;
				CLANG_WARN_STRICT_PROTOTYPES = YES;
				CLANG_WARN_SUSPICIOUS_MOVE = YES;
				CLANG_WARN_UNGUARDED_AVAILABILITY = YES_AGGRESSIVE;
				CLANG_WARN_UNREACHABLE_CODE = YES;
				CLANG_WARN__DUPLICATE_METHOD_MATCH = YES;
				CODE_SIGN_IDENTITY = "-";
				COPY_PHASE_STRIP = NO;
				DEBUG_INFORMATION_FORMAT = dwarf;
				ENABLE_STRICT_OBJC_MSGSEND = YES;
				ENABLE_TESTABILITY = YES;
				GCC_C_LANGUAGE_STANDARD = gnu11;
				GCC_DYNAMIC_NO_PIC = NO;
				GCC_NO_COMMON_BLOCKS = YES;
				GCC_OPTIMIZATION_LEVEL = 0;
				GCC_PREPROCESSOR_DEFINITIONS = (
					"DEBUG=1",
					"$(inherited)",
				);
				GCC_WARN_64_TO_32_BIT_CONVERSION = YES;
				GCC_WARN_ABOUT_RETURN_TYPE = YES_ERROR;
				GCC_WARN_UNDECLARED_SELECTOR = YES;
				GCC_WARN_UNINITIALIZED_AUTOS = YES_AGGRESSIVE;
				GCC_WARN_UNUSED_FUNCTION = YES;
				GCC_WARN_UNUSED_VARIABLE = YES;
				MACOSX_DEPLOYMENT_TARGET = 10.13;
				MTL_ENABLE_DEBUG_INFO = YES;
				ONLY_ACTIVE_ARCH = YES;
				SDKROOT = macosx;
			};
			name = Debug;
		};
		5338DD6A203F234B0084389B /* Release */ = {
			isa = XCBuildConfiguration;
			buildSettings = {
				ALWAYS_SEARCH_USER_PATHS = NO;
				CLANG_ANALYZER_NONNULL = YES;
				CLANG_ANALYZER_NUMBER_OBJECT_CONVERSION = YES_AGGRESSIVE;
				CLANG_CXX_LANGUAGE_STANDARD = "gnu++14";
				CLANG_CXX_LIBRARY = "libc++";
				CLANG_ENABLE_MODULES = YES;
				CLANG_ENABLE_OBJC_ARC = YES;
				CLANG_WARN_BLOCK_CAPTURE_AUTORELEASING = YES;
				CLANG_WARN_BOOL_CONVERSION = YES;
				CLANG_WARN_COMMA = YES;
				CLANG_WARN_CONSTANT_CONVERSION = YES;
				CLANG_WARN_DIRECT_OBJC_ISA_USAGE = YES_ERROR;
				CLANG_WARN_DOCUMENTATION_COMMENTS = YES;
				CLANG_WARN_EMPTY_BODY = YES;
				CLANG_WARN_ENUM_CONVERSION = YES;
				CLANG_WARN_INFINITE_RECURSION = YES;
				CLANG_WARN_INT_CONVERSION = YES;
				CLANG_WARN_NON_LITERAL_NULL_CONVERSION = YES;
				CLANG_WARN_OBJC_LITERAL_CONVERSION = YES;
				CLANG_WARN_OBJC_ROOT_CLASS = YES_ERROR;
				CLANG_WARN_RANGE_LOOP_ANALYSIS = YES;
				CLANG_WARN_STRICT_PROTOTYPES = YES;
				CLANG_WARN_SUSPICIOUS_MOVE = YES;
				CLANG_WARN_UNGUARDED_AVAILABILITY = YES_AGGRESSIVE;
				CLANG_WARN_UNREACHABLE_CODE = YES;
				CLANG_WARN__DUPLICATE_METHOD_MATCH = YES;
				CODE_SIGN_IDENTITY = "-";
				COPY_PHASE_STRIP = NO;
				DEBUG_INFORMATION_FORMAT = "dwarf-with-dsym";
				ENABLE_NS_ASSERTIONS = NO;
				ENABLE_STRICT_OBJC_MSGSEND = YES;
				GCC_C_LANGUAGE_STANDARD = gnu11;
				GCC_NO_COMMON_BLOCKS = YES;
				GCC_WARN_64_TO_32_BIT_CONVERSION = YES;
				GCC_WARN_ABOUT_RETURN_TYPE = YES_ERROR;
				GCC_WARN_UNDECLARED_SELECTOR = YES;
				GCC_WARN_UNINITIALIZED_AUTOS = YES_AGGRESSIVE;
				GCC_WARN_UNUSED_FUNCTION = YES;
				GCC_WARN_UNUSED_VARIABLE = YES;
				MACOSX_DEPLOYMENT_TARGET = 10.13;
				MTL_ENABLE_DEBUG_INFO = NO;
				SDKROOT = macosx;
			};
			name = Release;
		};
		5338DD6C203F234B0084389B /* Debug */ = {
			isa = XCBuildConfiguration;
			buildSettings = {
				CODE_SIGN_STYLE = Automatic;
				PRODUCT_NAME = "$(TARGET_NAME)";
			};
			name = Debug;
		};
		5338DD6D203F234B0084389B /* Release */ = {
			isa = XCBuildConfiguration;
			buildSettings = {
				CODE_SIGN_STYLE = Automatic;
				PRODUCT_NAME = "$(TARGET_NAME)";
			};
			name = Release;
		};
/* End XCBuildConfiguration section */

/* Begin XCConfigurationList section */
		5338DD5F203F234B0084389B /* Build configuration list for PBXProject "MAPMotors" */ = {
			isa = XCConfigurationList;
			buildConfigurations = (
				5338DD69203F234B0084389B /* Debug */,
				5338DD6A203F234B0084389B /* Release */,
			);
			defaultConfigurationIsVisible = 0;
			defaultConfigurationName = Release;
		};
		5338DD6B203F234B0084389B /* Build configuration list for PBXNativeTarget "MAPMotors" */ = {
			isa = XCConfigurationList;
			buildConfigurations = (
				5338DD6C203F234B0084389B /* Debug */,
				5338DD6D203F234B0084389B /* Release */,
			);
			defaultConfigurationIsVisible = 0;
			defaultConfigurationName = Release;
		};
/* End XCConfigurationList section */
	};
	rootObject = 5338DD5C203F234B0084389B /* Project object */;
}
